
Microsoft Visual Studio Solution File, Format Version 12.00
# Visual Studio Version 17
VisualStudioVersion = 17.9.34728.123
MinimumVisualStudioVersion = 10.0.40219.1
Project("{888888A0-9F3D-457C-B088-3A5042F75D52}") = "sigma_prezisk_połaczenie_bazy_danych_i_te_sprawy", "sigma_prezisk_połaczenie_bazy_danych_i_te_sprawy\sigma_prezisk_połaczenie_bazy_danych_i_te_sprawy.pyproj", "{51F05ED3-1D80-4D01-AAFA-B23C91626B34}"
EndProject
Global
	GlobalSection(SolutionConfigurationPlatforms) = preSolution
		Debug|Any CPU = Debug|Any CPU
		Release|Any CPU = Release|Any CPU
	EndGlobalSection
	GlobalSection(ProjectConfigurationPlatforms) = postSolution
		{51F05ED3-1D80-4D01-AAFA-B23C91626B34}.Debug|Any CPU.ActiveCfg = Debug|Any CPU
		{51F05ED3-1D80-4D01-AAFA-B23C91626B34}.Release|Any CPU.ActiveCfg = Release|Any CPU
	EndGlobalSection
	GlobalSection(SolutionProperties) = preSolution
		HideSolutionNode = FALSE
	EndGlobalSection
	GlobalSection(ExtensibilityGlobals) = postSolution
		SolutionGuid = {098E5176-328E-4D08-8D68-0353AE4CF4A0}
	EndGlobalSection
EndGlobal
